
Microsoft Visual Studio Solution File, Format Version 12.00
# Visual Studio Version 17
VisualStudioVersion = 17.8.34309.116
MinimumVisualStudioVersion = 10.0.40219.1
Project("{FAE04EC0-301F-11D3-BF4B-00C04F79EFBC}") = "Area51-ThreadVersion", "Area51-ThreadVersion\Area51-ThreadVersion.csproj", "{365FD8DC-DB85-4BFF-B67C-436542AFFDA5}"
EndProject
Global
	GlobalSection(SolutionConfigurationPlatforms) = preSolution
		Debug|Any CPU = Debug|Any CPU
		Release|Any CPU = Release|Any CPU
	EndGlobalSection
	GlobalSection(ProjectConfigurationPlatforms) = postSolution
		{365FD8DC-DB85-4BFF-B67C-436542AFFDA5}.Debug|Any CPU.ActiveCfg = Debug|Any CPU
		{365FD8DC-DB85-4BFF-B67C-436542AFFDA5}.Debug|Any CPU.Build.0 = Debug|Any CPU
		{365FD8DC-DB85-4BFF-B67C-436542AFFDA5}.Release|Any CPU.ActiveCfg = Release|Any CPU
		{365FD8DC-DB85-4BFF-B67C-436542AFFDA5}.Release|Any CPU.Build.0 = Release|Any CPU
	EndGlobalSection
	GlobalSection(SolutionProperties) = preSolution
		HideSolutionNode = FALSE
	EndGlobalSection
	GlobalSection(ExtensibilityGlobals) = postSolution
		SolutionGuid = {F74FC539-69B6-455B-86D8-445AEFD4B293}
	EndGlobalSection
EndGlobal
